
Microsoft Visual Studio Solution File, Format Version 12.00
# Visual Studio 14
VisualStudioVersion = 14.0.25420.1
MinimumVisualStudioVersion = 10.0.40219.1
Project("{FAE04EC0-301F-11D3-BF4B-00C04F79EFBC}") = "디자인패턴공부-빌더패턴", "디자인패턴공부-빌더패턴\디자인패턴공부-빌더패턴.csproj", "{ABBDF216-5524-4488-931C-0C4B8C3E29D5}"
EndProject
Project("{FAE04EC0-301F-11D3-BF4B-00C04F79EFBC}") = "디자인패턴공부-추상팩토리패턴", "디자인패턴공부-추상팩토리패턴\디자인패턴공부-추상팩토리패턴.csproj", "{3639674A-2851-4504-88F4-4165B3AEB14D}"
EndProject
Project("{FAE04EC0-301F-11D3-BF4B-00C04F79EFBC}") = "디자인패턴공부-프로토타입패턴", "..\디자인패턴공부\디자인패턴공부-프로토타입패턴\디자인패턴공부-프로토타입패턴.csproj", "{2B5CDB1A-4B5B-47E0-BD1C-964ADA76CC9A}"
EndProject
Project("{FAE04EC0-301F-11D3-BF4B-00C04F79EFBC}") = "이것저것테스트", "이것저것테스트\이것저것테스트.csproj", "{6B5725E2-52F3-4DF4-B560-3614A5EE3B91}"
EndProject
Project("{FAE04EC0-301F-11D3-BF4B-00C04F79EFBC}") = "디자인패턴공부-싱글톤패턴", "디자인패턴공부-싱글톤패턴\디자인패턴공부-싱글톤패턴.csproj", "{73270369-D044-4139-86E7-8B37211189A2}"
EndProject
Project("{FAE04EC0-301F-11D3-BF4B-00C04F79EFBC}") = "Adapter패턴", "Adapter패턴\Adapter패턴.csproj", "{872ABECD-CB3D-4967-8AAF-B451F8E8CD02}"
EndProject
Project("{FAE04EC0-301F-11D3-BF4B-00C04F79EFBC}") = "콤포짓패턴", "콤포짓패턴\콤포짓패턴.csproj", "{346035A5-5376-4EDA-8D1B-06D982215683}"
EndProject
Project("{FAE04EC0-301F-11D3-BF4B-00C04F79EFBC}") = "퍼사드패턴", "퍼사드패턴\퍼사드패턴.csproj", "{72B628D7-0BEC-482C-99DE-CA6FF7637057}"
EndProject
Project("{FAE04EC0-301F-11D3-BF4B-00C04F79EFBC}") = "플라이웨이트패턴", "플라이웨이트패턴\플라이웨이트패턴.csproj", "{1A6FF9D9-9475-49B1-91B1-71E806CF066D}"
EndProject
Project("{FAE04EC0-301F-11D3-BF4B-00C04F79EFBC}") = "프록시패턴", "프록시패턴\프록시패턴.csproj", "{68FB4ACA-8607-4C98-84DD-E52B1AD1C036}"
EndProject
Global
	GlobalSection(SolutionConfigurationPlatforms) = preSolution
		Debug|Any CPU = Debug|Any CPU
		Release|Any CPU = Release|Any CPU
	EndGlobalSection
	GlobalSection(ProjectConfigurationPlatforms) = postSolution
		{ABBDF216-5524-4488-931C-0C4B8C3E29D5}.Debug|Any CPU.ActiveCfg = Debug|Any CPU
		{ABBDF216-5524-4488-931C-0C4B8C3E29D5}.Debug|Any CPU.Build.0 = Debug|Any CPU
		{ABBDF216-5524-4488-931C-0C4B8C3E29D5}.Release|Any CPU.ActiveCfg = Release|Any CPU
		{ABBDF216-5524-4488-931C-0C4B8C3E29D5}.Release|Any CPU.Build.0 = Release|Any CPU
		{3639674A-2851-4504-88F4-4165B3AEB14D}.Debug|Any CPU.ActiveCfg = Debug|Any CPU
		{3639674A-2851-4504-88F4-4165B3AEB14D}.Debug|Any CPU.Build.0 = Debug|Any CPU
		{3639674A-2851-4504-88F4-4165B3AEB14D}.Release|Any CPU.ActiveCfg = Release|Any CPU
		{3639674A-2851-4504-88F4-4165B3AEB14D}.Release|Any CPU.Build.0 = Release|Any CPU
		{2B5CDB1A-4B5B-47E0-BD1C-964ADA76CC9A}.Debug|Any CPU.ActiveCfg = Debug|Any CPU
		{2B5CDB1A-4B5B-47E0-BD1C-964ADA76CC9A}.Debug|Any CPU.Build.0 = Debug|Any CPU
		{2B5CDB1A-4B5B-47E0-BD1C-964ADA76CC9A}.Release|Any CPU.ActiveCfg = Release|Any CPU
		{2B5CDB1A-4B5B-47E0-BD1C-964ADA76CC9A}.Release|Any CPU.Build.0 = Release|Any CPU
		{6B5725E2-52F3-4DF4-B560-3614A5EE3B91}.Debug|Any CPU.ActiveCfg = Debug|Any CPU
		{6B5725E2-52F3-4DF4-B560-3614A5EE3B91}.Debug|Any CPU.Build.0 = Debug|Any CPU
		{6B5725E2-52F3-4DF4-B560-3614A5EE3B91}.Release|Any CPU.ActiveCfg = Release|Any CPU
		{6B5725E2-52F3-4DF4-B560-3614A5EE3B91}.Release|Any CPU.Build.0 = Release|Any CPU
		{73270369-D044-4139-86E7-8B37211189A2}.Debug|Any CPU.ActiveCfg = Debug|Any CPU
		{73270369-D044-4139-86E7-8B37211189A2}.Debug|Any CPU.Build.0 = Debug|Any CPU
		{73270369-D044-4139-86E7-8B37211189A2}.Release|Any CPU.ActiveCfg = Release|Any CPU
		{73270369-D044-4139-86E7-8B37211189A2}.Release|Any CPU.Build.0 = Release|Any CPU
		{872ABECD-CB3D-4967-8AAF-B451F8E8CD02}.Debug|Any CPU.ActiveCfg = Debug|Any CPU
		{872ABECD-CB3D-4967-8AAF-B451F8E8CD02}.Debug|Any CPU.Build.0 = Debug|Any CPU
		{872ABECD-CB3D-4967-8AAF-B451F8E8CD02}.Release|Any CPU.ActiveCfg = Release|Any CPU
		{872ABECD-CB3D-4967-8AAF-B451F8E8CD02}.Release|Any CPU.Build.0 = Release|Any CPU
		{346035A5-5376-4EDA-8D1B-06D982215683}.Debug|Any CPU.ActiveCfg = Debug|Any CPU
		{346035A5-5376-4EDA-8D1B-06D982215683}.Debug|Any CPU.Build.0 = Debug|Any CPU
		{346035A5-5376-4EDA-8D1B-06D982215683}.Release|Any CPU.ActiveCfg = Release|Any CPU
		{346035A5-5376-4EDA-8D1B-06D982215683}.Release|Any CPU.Build.0 = Release|Any CPU
		{72B628D7-0BEC-482C-99DE-CA6FF7637057}.Debug|Any CPU.ActiveCfg = Debug|Any CPU
		{72B628D7-0BEC-482C-99DE-CA6FF7637057}.Debug|Any CPU.Build.0 = Debug|Any CPU
		{72B628D7-0BEC-482C-99DE-CA6FF7637057}.Release|Any CPU.ActiveCfg = Release|Any CPU
		{72B628D7-0BEC-482C-99DE-CA6FF7637057}.Release|Any CPU.Build.0 = Release|Any CPU
		{1A6FF9D9-9475-49B1-91B1-71E806CF066D}.Debug|Any CPU.ActiveCfg = Debug|Any CPU
		{1A6FF9D9-9475-49B1-91B1-71E806CF066D}.Debug|Any CPU.Build.0 = Debug|Any CPU
		{1A6FF9D9-9475-49B1-91B1-71E806CF066D}.Release|Any CPU.ActiveCfg = Release|Any CPU
		{1A6FF9D9-9475-49B1-91B1-71E806CF066D}.Release|Any CPU.Build.0 = Release|Any CPU
		{68FB4ACA-8607-4C98-84DD-E52B1AD1C036}.Debug|Any CPU.ActiveCfg = Debug|Any CPU
		{68FB4ACA-8607-4C98-84DD-E52B1AD1C036}.Debug|Any CPU.Build.0 = Debug|Any CPU
		{68FB4ACA-8607-4C98-84DD-E52B1AD1C036}.Release|Any CPU.ActiveCfg = Release|Any CPU
		{68FB4ACA-8607-4C98-84DD-E52B1AD1C036}.Release|Any CPU.Build.0 = Release|Any CPU
	EndGlobalSection
	GlobalSection(SolutionProperties) = preSolution
		HideSolutionNode = FALSE
	EndGlobalSection
EndGlobal
